
Microsoft Visual Studio Solution File, Format Version 12.00
# Visual Studio Version 17
VisualStudioVersion = 17.9.34701.34
MinimumVisualStudioVersion = 10.0.40219.1
Project("{FAE04EC0-301F-11D3-BF4B-00C04F79EFBC}") = "quanLyPhongMach", "quanLyPhongMach\quanLyPhongMach.csproj", "{FC3DBADC-D270-4F18-BC19-0743842A8966}"
EndProject
Global
	GlobalSection(SolutionConfigurationPlatforms) = preSolution
		Debug|Any CPU = Debug|Any CPU
		Release|Any CPU = Release|Any CPU
	EndGlobalSection
	GlobalSection(ProjectConfigurationPlatforms) = postSolution
		{FC3DBADC-D270-4F18-BC19-0743842A8966}.Debug|Any CPU.ActiveCfg = Debug|Any CPU
		{FC3DBADC-D270-4F18-BC19-0743842A8966}.Debug|Any CPU.Build.0 = Debug|Any CPU
		{FC3DBADC-D270-4F18-BC19-0743842A8966}.Release|Any CPU.ActiveCfg = Release|Any CPU
		{FC3DBADC-D270-4F18-BC19-0743842A8966}.Release|Any CPU.Build.0 = Release|Any CPU
	EndGlobalSection
	GlobalSection(SolutionProperties) = preSolution
		HideSolutionNode = FALSE
	EndGlobalSection
	GlobalSection(ExtensibilityGlobals) = postSolution
		SolutionGuid = {60D759EF-27B6-45EE-8A55-A8059B5DCA48}
	EndGlobalSection
EndGlobal
